
Microsoft Visual Studio Solution File, Format Version 12.00
# Visual Studio 14
VisualStudioVersion = 14.0.24720.0
MinimumVisualStudioVersion = 10.0.40219.1
Project("{FAE04EC0-301F-11D3-BF4B-00C04F79EFBC}") = "Host", "Host\Host.csproj", "{236061E0-F306-4CEB-BC88-93A73EA471D6}"
EndProject
Project("{FAE04EC0-301F-11D3-BF4B-00C04F79EFBC}") = "Client", "Client\Client.csproj", "{0ADABD2B-CC02-4EFB-B35B-4D11ADE7A971}"
EndProject
Project("{FAE04EC0-301F-11D3-BF4B-00C04F79EFBC}") = "ViewModels", "ViewModels\ViewModels.csproj", "{8DACED5F-3024-42CB-951D-D73CCCE031B9}"
EndProject
Project("{FAE04EC0-301F-11D3-BF4B-00C04F79EFBC}") = "GameOfThronesCoreLibrary", "GameOfThronesCoreLibrary\GameOfThronesCoreLibrary.csproj", "{A6683557-8734-474B-AC1E-92E198860E13}"
EndProject
Global
	GlobalSection(SolutionConfigurationPlatforms) = preSolution
		Debug|Any CPU = Debug|Any CPU
		Release|Any CPU = Release|Any CPU
	EndGlobalSection
	GlobalSection(ProjectConfigurationPlatforms) = postSolution
		{236061E0-F306-4CEB-BC88-93A73EA471D6}.Debug|Any CPU.ActiveCfg = Debug|Any CPU
		{236061E0-F306-4CEB-BC88-93A73EA471D6}.Debug|Any CPU.Build.0 = Debug|Any CPU
		{236061E0-F306-4CEB-BC88-93A73EA471D6}.Release|Any CPU.ActiveCfg = Release|Any CPU
		{236061E0-F306-4CEB-BC88-93A73EA471D6}.Release|Any CPU.Build.0 = Release|Any CPU
		{0ADABD2B-CC02-4EFB-B35B-4D11ADE7A971}.Debug|Any CPU.ActiveCfg = Debug|Any CPU
		{0ADABD2B-CC02-4EFB-B35B-4D11ADE7A971}.Debug|Any CPU.Build.0 = Debug|Any CPU
		{0ADABD2B-CC02-4EFB-B35B-4D11ADE7A971}.Release|Any CPU.ActiveCfg = Release|Any CPU
		{0ADABD2B-CC02-4EFB-B35B-4D11ADE7A971}.Release|Any CPU.Build.0 = Release|Any CPU
		{8DACED5F-3024-42CB-951D-D73CCCE031B9}.Debug|Any CPU.ActiveCfg = Debug|Any CPU
		{8DACED5F-3024-42CB-951D-D73CCCE031B9}.Debug|Any CPU.Build.0 = Debug|Any CPU
		{8DACED5F-3024-42CB-951D-D73CCCE031B9}.Release|Any CPU.ActiveCfg = Release|Any CPU
		{8DACED5F-3024-42CB-951D-D73CCCE031B9}.Release|Any CPU.Build.0 = Release|Any CPU
		{A6683557-8734-474B-AC1E-92E198860E13}.Debug|Any CPU.ActiveCfg = Debug|Any CPU
		{A6683557-8734-474B-AC1E-92E198860E13}.Debug|Any CPU.Build.0 = Debug|Any CPU
		{A6683557-8734-474B-AC1E-92E198860E13}.Release|Any CPU.ActiveCfg = Release|Any CPU
		{A6683557-8734-474B-AC1E-92E198860E13}.Release|Any CPU.Build.0 = Release|Any CPU
	EndGlobalSection
	GlobalSection(SolutionProperties) = preSolution
		HideSolutionNode = FALSE
	EndGlobalSection
EndGlobal
